
Microsoft Visual Studio Solution File, Format Version 12.00
# Visual Studio Version 16
VisualStudioVersion = 16.0.30011.22
MinimumVisualStudioVersion = 10.0.40219.1
Project("{FAE04EC0-301F-11D3-BF4B-00C04F79EFBC}") = "TripsApplication", "TripsApplication\TripsApplication.csproj", "{3EFD767A-C6CD-4DC2-AFFC-B6F157EB16B3}"
EndProject
Global
	GlobalSection(SolutionConfigurationPlatforms) = preSolution
		Debug|Any CPU = Debug|Any CPU
		Release|Any CPU = Release|Any CPU
	EndGlobalSection
	GlobalSection(ProjectConfigurationPlatforms) = postSolution
		{3EFD767A-C6CD-4DC2-AFFC-B6F157EB16B3}.Debug|Any CPU.ActiveCfg = Debug|Any CPU
		{3EFD767A-C6CD-4DC2-AFFC-B6F157EB16B3}.Debug|Any CPU.Build.0 = Debug|Any CPU
		{3EFD767A-C6CD-4DC2-AFFC-B6F157EB16B3}.Release|Any CPU.ActiveCfg = Release|Any CPU
		{3EFD767A-C6CD-4DC2-AFFC-B6F157EB16B3}.Release|Any CPU.Build.0 = Release|Any CPU
	EndGlobalSection
	GlobalSection(SolutionProperties) = preSolution
		HideSolutionNode = FALSE
	EndGlobalSection
	GlobalSection(ExtensibilityGlobals) = postSolution
		SolutionGuid = {795D99CA-87F9-4517-B4F8-CA87E3655C01}
	EndGlobalSection
EndGlobal
